dependencies:
- name: loki
  repository: https://grafana.github.io/helm-charts
  version: 6.27.0
- name: grafana
  repository: https://grafana.github.io/helm-charts
  version: 8.10.2
- name: tempo
  repository: https://grafana.github.io/helm-charts
  version: 1.7.1
digest: sha256:de3fa126b10f4534a81c2c46ab7950f57ee5070141d5661fdd1bf31e960f94f3
generated: "2026-04-07T13:49:24.404012253+03:00"
