dependencies:
- name: loki
  repository: https://grafana.github.io/helm-charts
  version: 6.27.0
- name: grafana
  repository: https://grafana.github.io/helm-charts
  version: 8.10.2
digest: sha256:8508973623dae95d126dea3b807ef9e0cc887c8fc47417af551f682ff87d2dae
generated: "2026-04-06T15:47:58.780138528+03:00"
