dependencies:
- name: loki
  repository: https://grafana.github.io/helm-charts
  version: 6.27.0
- name: grafana
  repository: https://grafana.github.io/helm-charts
  version: 8.10.2
- name: promtail
  repository: https://grafana.github.io/helm-charts
  version: 6.16.6
digest: sha256:11ccc9d29a68db867ae55324fce28d0de4e99fba88fdfe45e95ef5cf74278742
generated: "2026-04-06T16:25:06.741722776+03:00"
